// !$*UTF8*$!
{
	archiveVersion = 1;
	classes = {
	};
	objectVersion = 56;
	objects = {

/* Begin PBXBuildFile section */
		282D48B7AB1F4AD1BEB45B1F /* Pods_37_7_1_HW_02_NewsWithFrameworks.framework in Frameworks */ = {isa = PBXBuildFile; fileRef = 039ABBAF788768ACD3406828 /* Pods_37_7_1_HW_02_NewsWithFrameworks.framework */; };
		4D58745329E25534006BAB89 /* AppDelegate.swift in Sources */ = {isa = PBXBuildFile; fileRef = 4D58745229E25534006BAB89 /* AppDelegate.swift */; };
		4D58745529E25534006BAB89 /* SceneDelegate.swift in Sources */ = {isa = PBXBuildFile; fileRef = 4D58745429E25534006BAB89 /* SceneDelegate.swift */; };
		4D58745729E25534006BAB89 /* MainTableViewController.swift in Sources */ = {isa = PBXBuildFile; fileRef = 4D58745629E25534006BAB89 /* MainTableViewController.swift */; };
		4D58745A29E25534006BAB89 /* Main.storyboard in Resources */ = {isa = PBXBuildFile; fileRef = 4D58745829E25534006BAB89 /* Main.storyboard */; };
		4D58745C29E25535006BAB89 /* Assets.xcassets in Resources */ = {isa = PBXBuildFile; fileRef = 4D58745B29E25535006BAB89 /* Assets.xcassets */; };
		4D58745F29E25535006BAB89 /* LaunchScreen.storyboard in Resources */ = {isa = PBXBuildFile; fileRef = 4D58745D29E25535006BAB89 /* LaunchScreen.storyboard */; };
		4D58746A29E32A86006BAB89 /* MyNewsCell.swift in Sources */ = {isa = PBXBuildFile; fileRef = 4D58746929E32A86006BAB89 /* MyNewsCell.swift */; };
		4D58747A29E3831E006BAB89 /* ModelProtocols.swift in Sources */ = {isa = PBXBuildFile; fileRef = 4D58747929E3831E006BAB89 /* ModelProtocols.swift */; };
		4D58747C29E3870A006BAB89 /* AlamofireRequest.swift in Sources */ = {isa = PBXBuildFile; fileRef = 4D58747B29E3870A006BAB89 /* AlamofireRequest.swift */; };
		4D58747E29E38E80006BAB89 /* EventResponseModel.swift in Sources */ = {isa = PBXBuildFile; fileRef = 4D58747D29E38E80006BAB89 /* EventResponseModel.swift */; };
		4D58748029E38E8B006BAB89 /* EventModel.swift in Sources */ = {isa = PBXBuildFile; fileRef = 4D58747F29E38E8B006BAB89 /* EventModel.swift */; };
/* End PBXBuildFile section */

/* Begin PBXFileReference section */
		039ABBAF788768ACD3406828 /* Pods_37_7_1_HW_02_NewsWithFrameworks.framework */ = {isa = PBXFileReference; explicitFileType = wrapper.framework; includeInIndex = 0; path = Pods_37_7_1_HW_02_NewsWithFrameworks.framework; sourceTree = BUILT_PRODUCTS_DIR; };
		4D58744F29E25534006BAB89 /* 37-7-1-HW-02-NewsWithFrameworks.app */ = {isa = PBXFileReference; explicitFileType = wrapper.application; includeInIndex = 0; path = "37-7-1-HW-02-NewsWithFrameworks.app"; sourceTree = BUILT_PRODUCTS_DIR; };
		4D58745229E25534006BAB89 /* AppDelegate.swift */ = {isa = PBXFileReference; lastKnownFileType = sourcecode.swift; path = AppDelegate.swift; sourceTree = "<group>"; };
		4D58745429E25534006BAB89 /* SceneDelegate.swift */ = {isa = PBXFileReference; lastKnownFileType = sourcecode.swift; path = SceneDelegate.swift; sourceTree = "<group>"; };
		4D58745629E25534006BAB89 /* MainTableViewController.swift */ = {isa = PBXFileReference; lastKnownFileType = sourcecode.swift; path = MainTableViewController.swift; sourceTree = "<group>"; };
		4D58745929E25534006BAB89 /* Base */ = {isa = PBXFileReference; lastKnownFileType = file.storyboard; name = Base; path = Base.lproj/Main.storyboard; sourceTree = "<group>"; };
		4D58745B29E25535006BAB89 /* Assets.xcassets */ = {isa = PBXFileReference; lastKnownFileType = folder.assetcatalog; path = Assets.xcassets; sourceTree = "<group>"; };
		4D58745E29E25535006BAB89 /* Base */ = {isa = PBXFileReference; lastKnownFileType = file.storyboard; name = Base; path = Base.lproj/LaunchScreen.storyboard; sourceTree = "<group>"; };
		4D58746029E25535006BAB89 /* Info.plist */ = {isa = PBXFileReference; lastKnownFileType = text.plist.xml; path = Info.plist; sourceTree = "<group>"; };
		4D58746929E32A86006BAB89 /* MyNewsCell.swift */ = {isa = PBXFileReference; lastKnownFileType = sourcecode.swift; path = MyNewsCell.swift; sourceTree = "<group>"; };
		4D58747929E3831E006BAB89 /* ModelProtocols.swift */ = {isa = PBXFileReference; lastKnownFileType = sourcecode.swift; path = ModelProtocols.swift; sourceTree = "<group>"; };
		4D58747B29E3870A006BAB89 /* AlamofireRequest.swift */ = {isa = PBXFileReference; lastKnownFileType = sourcecode.swift; path = AlamofireRequest.swift; sourceTree = "<group>"; };
		4D58747D29E38E80006BAB89 /* EventResponseModel.swift */ = {isa = PBXFileReference; lastKnownFileType = sourcecode.swift; path = EventResponseModel.swift; sourceTree = "<group>"; };
		4D58747F29E38E8B006BAB89 /* EventModel.swift */ = {isa = PBXFileReference; lastKnownFileType = sourcecode.swift; path = EventModel.swift; sourceTree = "<group>"; };
		57E41789B04A47D39C8A1D66 /* Pods-37-7-1-HW-02-NewsWithFrameworks.debug.xcconfig */ = {isa = PBXFileReference; includeInIndex = 1; lastKnownFileType = text.xcconfig; name = "Pods-37-7-1-HW-02-NewsWithFrameworks.debug.xcconfig"; path = "Target Support Files/Pods-37-7-1-HW-02-NewsWithFrameworks/Pods-37-7-1-HW-02-NewsWithFrameworks.debug.xcconfig"; sourceTree = "<group>"; };
		CDCD705A1D7A8C359A08E48C /* Pods-37-7-1-HW-02-NewsWithFrameworks.release.xcconfig */ = {isa = PBXFileReference; includeInIndex = 1; lastKnownFileType = text.xcconfig; name = "Pods-37-7-1-HW-02-NewsWithFrameworks.release.xcconfig"; path = "Target Support Files/Pods-37-7-1-HW-02-NewsWithFrameworks/Pods-37-7-1-HW-02-NewsWithFrameworks.release.xcconfig"; sourceTree = "<group>"; };
/* End PBXFileReference section */

/* Begin PBXFrameworksBuildPhase section */
		4D58744C29E25534006BAB89 /* Frameworks */ = {
			isa = PBXFrameworksBuildPhase;
			buildActionMask = 2147483647;
			files = (
				282D48B7AB1F4AD1BEB45B1F /* Pods_37_7_1_HW_02_NewsWithFrameworks.framework in Frameworks */,
			);
			runOnlyForDeploymentPostprocessing = 0;
		};
/* End PBXFrameworksBuildPhase section */

/* Begin PBXGroup section */
		4D58744629E25534006BAB89 = {
			isa = PBXGroup;
			children = (
				4D58745129E25534006BAB89 /* 37-7-1-HW-02-NewsWithFrameworks */,
				4D58745029E25534006BAB89 /* Products */,
				F566860786746CD068DA657E /* Pods */,
				E4FC9B681539F887B932C0CC /* Frameworks */,
			);
			sourceTree = "<group>";
		};
		4D58745029E25534006BAB89 /* Products */ = {
			isa = PBXGroup;
			children = (
				4D58744F29E25534006BAB89 /* 37-7-1-HW-02-NewsWithFrameworks.app */,
			);
			name = Products;
			sourceTree = "<group>";
		};
		4D58745129E25534006BAB89 /* 37-7-1-HW-02-NewsWithFrameworks */ = {
			isa = PBXGroup;
			children = (
				4D58746B29E32D2E006BAB89 /* Images */,
				4D58746829E329A7006BAB89 /* Controller */,
				4D58746729E329A3006BAB89 /* View */,
				4D58747429E37611006BAB89 /* Model */,
				4D58745429E25534006BAB89 /* SceneDelegate.swift */,
				4D58745229E25534006BAB89 /* AppDelegate.swift */,
				4D58746029E25535006BAB89 /* Info.plist */,
			);
			path = "37-7-1-HW-02-NewsWithFrameworks";
			sourceTree = "<group>";
		};
		4D58746729E329A3006BAB89 /* View */ = {
			isa = PBXGroup;
			children = (
				4D58745829E25534006BAB89 /* Main.storyboard */,
				4D58746929E32A86006BAB89 /* MyNewsCell.swift */,
			);
			path = View;
			sourceTree = "<group>";
		};
		4D58746829E329A7006BAB89 /* Controller */ = {
			isa = PBXGroup;
			children = (
				4D58745629E25534006BAB89 /* MainTableViewController.swift */,
			);
			path = Controller;
			sourceTree = "<group>";
		};
		4D58746B29E32D2E006BAB89 /* Images */ = {
			isa = PBXGroup;
			children = (
				4D58745B29E25535006BAB89 /* Assets.xcassets */,
				4D58745D29E25535006BAB89 /* LaunchScreen.storyboard */,
			);
			path = Images;
			sourceTree = "<group>";
		};
		4D58747429E37611006BAB89 /* Model */ = {
			isa = PBXGroup;
			children = (
				4D58747929E3831E006BAB89 /* ModelProtocols.swift */,
				4D58747B29E3870A006BAB89 /* AlamofireRequest.swift */,
				4D58747D29E38E80006BAB89 /* EventResponseModel.swift */,
				4D58747F29E38E8B006BAB89 /* EventModel.swift */,
			);
			path = Model;
			sourceTree = "<group>";
		};
		E4FC9B681539F887B932C0CC /* Frameworks */ = {
			isa = PBXGroup;
			children = (
				039ABBAF788768ACD3406828 /* Pods_37_7_1_HW_02_NewsWithFrameworks.framework */,
			);
			name = Frameworks;
			sourceTree = "<group>";
		};
		F566860786746CD068DA657E /* Pods */ = {
			isa = PBXGroup;
			children = (
				57E41789B04A47D39C8A1D66 /* Pods-37-7-1-HW-02-NewsWithFrameworks.debug.xcconfig */,
				CDCD705A1D7A8C359A08E48C /* Pods-37-7-1-HW-02-NewsWithFrameworks.release.xcconfig */,
			);
			path = Pods;
			sourceTree = "<group>";
		};
/* End PBXGroup section */

/* Begin PBXNativeTarget section */
		4D58744E29E25534006BAB89 /* 37-7-1-HW-02-NewsWithFrameworks */ = {
			isa = PBXNativeTarget;
			buildConfigurationList = 4D58746329E25535006BAB89 /* Build configuration list for PBXNativeTarget "37-7-1-HW-02-NewsWithFrameworks" */;
			buildPhases = (
				4CF2421932289124DCB0CA43 /* [CP] Check Pods Manifest.lock */,
				4D58744B29E25534006BAB89 /* Sources */,
				4D58744C29E25534006BAB89 /* Frameworks */,
				4D58744D29E25534006BAB89 /* Resources */,
				4E1711D34E4FF48D08C08E04 /* [CP] Embed Pods Frameworks */,
			);
			buildRules = (
			);
			dependencies = (
			);
			name = "37-7-1-HW-02-NewsWithFrameworks";
			productName = "37-7-1-HW-02-NewsWithFrameworks";
			productReference = 4D58744F29E25534006BAB89 /* 37-7-1-HW-02-NewsWithFrameworks.app */;
			productType = "com.apple.product-type.application";
		};
/* End PBXNativeTarget section */

/* Begin PBXProject section */
		4D58744729E25534006BAB89 /* Project object */ = {
			isa = PBXProject;
			attributes = {
				BuildIndependentTargetsInParallel = 1;
				LastSwiftUpdateCheck = 1420;
				LastUpgradeCheck = 1420;
				TargetAttributes = {
					4D58744E29E25534006BAB89 = {
						CreatedOnToolsVersion = 14.2;
					};
				};
			};
			buildConfigurationList = 4D58744A29E25534006BAB89 /* Build configuration list for PBXProject "37-7-1-HW-02-NewsWithFrameworks" */;
			compatibilityVersion = "Xcode 14.0";
			developmentRegion = en;
			hasScannedForEncodings = 0;
			knownRegions = (
				en,
				Base,
			);
			mainGroup = 4D58744629E25534006BAB89;
			productRefGroup = 4D58745029E25534006BAB89 /* Products */;
			projectDirPath = "";
			projectRoot = "";
			targets = (
				4D58744E29E25534006BAB89 /* 37-7-1-HW-02-NewsWithFrameworks */,
			);
		};
/* End PBXProject section */

/* Begin PBXResourcesBuildPhase section */
		4D58744D29E25534006BAB89 /* Resources */ = {
			isa = PBXResourcesBuildPhase;
			buildActionMask = 2147483647;
			files = (
				4D58745F29E25535006BAB89 /* LaunchScreen.storyboard in Resources */,
				4D58745C29E25535006BAB89 /* Assets.xcassets in Resources */,
				4D58745A29E25534006BAB89 /* Main.storyboard in Resources */,
			);
			runOnlyForDeploymentPostprocessing = 0;
		};
/* End PBXResourcesBuildPhase section */

/* Begin PBXShellScriptBuildPhase section */
		4CF2421932289124DCB0CA43 /* [CP] Check Pods Manifest.lock */ = {
			isa = PBXShellScriptBuildPhase;
			buildActionMask = 2147483647;
			files = (
			);
			inputFileListPaths = (
			);
			inputPaths = (
				"${PODS_PODFILE_DIR_PATH}/Podfile.lock",
				"${PODS_ROOT}/Manifest.lock",
			);
			name = "[CP] Check Pods Manifest.lock";
			outputFileListPaths = (
			);
			outputPaths = (
				"$(DERIVED_FILE_DIR)/Pods-37-7-1-HW-02-NewsWithFrameworks-checkManifestLockResult.txt",
			);
			runOnlyForDeploymentPostprocessing = 0;
			shellPath = /bin/sh;
			shellScript = "diff \"${PODS_PODFILE_DIR_PATH}/Podfile.lock\" \"${PODS_ROOT}/Manifest.lock\" > /dev/null\nif [ $? != 0 ] ; then\n    # print error to STDERR\n    echo \"error: The sandbox is not in sync with the Podfile.lock. Run 'pod install' or update your CocoaPods installation.\" >&2\n    exit 1\nfi\n# This output is used by Xcode 'outputs' to avoid re-running this script phase.\necho \"SUCCESS\" > \"${SCRIPT_OUTPUT_FILE_0}\"\n";
			showEnvVarsInLog = 0;
		};
		4E1711D34E4FF48D08C08E04 /* [CP] Embed Pods Frameworks */ = {
			isa = PBXShellScriptBuildPhase;
			buildActionMask = 2147483647;
			files = (
			);
			inputFileListPaths = (
				"${PODS_ROOT}/Target Support Files/Pods-37-7-1-HW-02-NewsWithFrameworks/Pods-37-7-1-HW-02-NewsWithFrameworks-frameworks-${CONFIGURATION}-input-files.xcfilelist",
			);
			name = "[CP] Embed Pods Frameworks";
			outputFileListPaths = (
				"${PODS_ROOT}/Target Support Files/Pods-37-7-1-HW-02-NewsWithFrameworks/Pods-37-7-1-HW-02-NewsWithFrameworks-frameworks-${CONFIGURATION}-output-files.xcfilelist",
			);
			runOnlyForDeploymentPostprocessing = 0;
			shellPath = /bin/sh;
			shellScript = "\"${PODS_ROOT}/Target Support Files/Pods-37-7-1-HW-02-NewsWithFrameworks/Pods-37-7-1-HW-02-NewsWithFrameworks-frameworks.sh\"\n";
			showEnvVarsInLog = 0;
		};
/* End PBXShellScriptBuildPhase section */

/* Begin PBXSourcesBuildPhase section */
		4D58744B29E25534006BAB89 /* Sources */ = {
			isa = PBXSourcesBuildPhase;
			buildActionMask = 2147483647;
			files = (
				4D58747A29E3831E006BAB89 /* ModelProtocols.swift in Sources */,
				4D58745729E25534006BAB89 /* MainTableViewController.swift in Sources */,
				4D58747C29E3870A006BAB89 /* AlamofireRequest.swift in Sources */,
				4D58745329E25534006BAB89 /* AppDelegate.swift in Sources */,
				4D58746A29E32A86006BAB89 /* MyNewsCell.swift in Sources */,
				4D58748029E38E8B006BAB89 /* EventModel.swift in Sources */,
				4D58745529E25534006BAB89 /* SceneDelegate.swift in Sources */,
				4D58747E29E38E80006BAB89 /* EventResponseModel.swift in Sources */,
			);
			runOnlyForDeploymentPostprocessing = 0;
		};
/* End PBXSourcesBuildPhase section */

/* Begin PBXVariantGroup section */
		4D58745829E25534006BAB89 /* Main.storyboard */ = {
			isa = PBXVariantGroup;
			children = (
				4D58745929E25534006BAB89 /* Base */,
			);
			name = Main.storyboard;
			sourceTree = "<group>";
		};
		4D58745D29E25535006BAB89 /* LaunchScreen.storyboard */ = {
			isa = PBXVariantGroup;
			children = (
				4D58745E29E25535006BAB89 /* Base */,
			);
			name = LaunchScreen.storyboard;
			sourceTree = "<group>";
		};
/* End PBXVariantGroup section */

/* Begin XCBuildConfiguration section */
		4D58746129E25535006BAB89 /* Debug */ = {
			isa = XCBuildConfiguration;
			buildSettings = {
				ALWAYS_SEARCH_USER_PATHS = NO;
				CLANG_ANALYZER_NONNULL = YES;
				CLANG_ANALYZER_NUMBER_OBJECT_CONVERSION = YES_AGGRESSIVE;
				CLANG_CXX_LANGUAGE_STANDARD = "gnu++20";
				CLANG_ENABLE_MODULES = YES;
				CLANG_ENABLE_OBJC_ARC = YES;
				CLANG_ENABLE_OBJC_WEAK = YES;
				CLANG_WARN_BLOCK_CAPTURE_AUTORELEASING = YES;
				CLANG_WARN_BOOL_CONVERSION = YES;
				CLANG_WARN_COMMA = YES;
				CLANG_WARN_CONSTANT_CONVERSION = YES;
				CLANG_WARN_DEPRECATED_OBJC_IMPLEMENTATIONS = YES;
				CLANG_WARN_DIRECT_OBJC_ISA_USAGE = YES_ERROR;
				CLANG_WARN_DOCUMENTATION_COMMENTS = YES;
				CLANG_WARN_EMPTY_BODY = YES;
				CLANG_WARN_ENUM_CONVERSION = YES;
				CLANG_WARN_INFINITE_RECURSION = YES;
				CLANG_WARN_INT_CONVERSION = YES;
				CLANG_WARN_NON_LITERAL_NULL_CONVERSION = YES;
				CLANG_WARN_OBJC_IMPLICIT_RETAIN_SELF = YES;
				CLANG_WARN_OBJC_LITERAL_CONVERSION = YES;
				CLANG_WARN_OBJC_ROOT_CLASS = YES_ERROR;
				CLANG_WARN_QUOTED_INCLUDE_IN_FRAMEWORK_HEADER = YES;
				CLANG_WARN_RANGE_LOOP_ANALYSIS = YES;
				CLANG_WARN_STRICT_PROTOTYPES = YES;
				CLANG_WARN_SUSPICIOUS_MOVE = YES;
				CLANG_WARN_UNGUARDED_AVAILABILITY = YES_AGGRESSIVE;
				CLANG_WARN_UNREACHABLE_CODE = YES;
				CLANG_WARN__DUPLICATE_METHOD_MATCH = YES;
				COPY_PHASE_STRIP = NO;
				DEBUG_INFORMATION_FORMAT = dwarf;
				ENABLE_STRICT_OBJC_MSGSEND = YES;
				ENABLE_TESTABILITY = YES;
				GCC_C_LANGUAGE_STANDARD = gnu11;
				GCC_DYNAMIC_NO_PIC = NO;
				GCC_NO_COMMON_BLOCKS = YES;
				GCC_OPTIMIZATION_LEVEL = 0;
				GCC_PREPROCESSOR_DEFINITIONS = (
					"DEBUG=1",
					"$(inherited)",
				);
				GCC_WARN_64_TO_32_BIT_CONVERSION = YES;
				GCC_WARN_ABOUT_RETURN_TYPE = YES_ERROR;
				GCC_WARN_UNDECLARED_SELECTOR = YES;
				GCC_WARN_UNINITIALIZED_AUTOS = YES_AGGRESSIVE;
				GCC_WARN_UNUSED_FUNCTION = YES;
				GCC_WARN_UNUSED_VARIABLE = YES;
				IPHONEOS_DEPLOYMENT_TARGET = 16.2;
				MTL_ENABLE_DEBUG_INFO = INCLUDE_SOURCE;
				MTL_FAST_MATH = YES;
				ONLY_ACTIVE_ARCH = YES;
				SDKROOT = iphoneos;
				SWIFT_ACTIVE_COMPILATION_CONDITIONS = DEBUG;
				SWIFT_OPTIMIZATION_LEVEL = "-Onone";
			};
			name = Debug;
		};
		4D58746229E25535006BAB89 /* Release */ = {
			isa = XCBuildConfiguration;
			buildSettings = {
				ALWAYS_SEARCH_USER_PATHS = NO;
				CLANG_ANALYZER_NONNULL = YES;
				CLANG_ANALYZER_NUMBER_OBJECT_CONVERSION = YES_AGGRESSIVE;
				CLANG_CXX_LANGUAGE_STANDARD = "gnu++20";
				CLANG_ENABLE_MODULES = YES;
				CLANG_ENABLE_OBJC_ARC = YES;
				CLANG_ENABLE_OBJC_WEAK = YES;
				CLANG_WARN_BLOCK_CAPTURE_AUTORELEASING = YES;
				CLANG_WARN_BOOL_CONVERSION = YES;
				CLANG_WARN_COMMA = YES;
				CLANG_WARN_CONSTANT_CONVERSION = YES;
				CLANG_WARN_DEPRECATED_OBJC_IMPLEMENTATIONS = YES;
				CLANG_WARN_DIRECT_OBJC_ISA_USAGE = YES_ERROR;
				CLANG_WARN_DOCUMENTATION_COMMENTS = YES;
				CLANG_WARN_EMPTY_BODY = YES;
				CLANG_WARN_ENUM_CONVERSION = YES;
				CLANG_WARN_INFINITE_RECURSION = YES;
				CLANG_WARN_INT_CONVERSION = YES;
				CLANG_WARN_NON_LITERAL_NULL_CONVERSION = YES;
				CLANG_WARN_OBJC_IMPLICIT_RETAIN_SELF = YES;
				CLANG_WARN_OBJC_LITERAL_CONVERSION = YES;
				CLANG_WARN_OBJC_ROOT_CLASS = YES_ERROR;
				CLANG_WARN_QUOTED_INCLUDE_IN_FRAMEWORK_HEADER = YES;
				CLANG_WARN_RANGE_LOOP_ANALYSIS = YES;
				CLANG_WARN_STRICT_PROTOTYPES = YES;
				CLANG_WARN_SUSPICIOUS_MOVE = YES;
				CLANG_WARN_UNGUARDED_AVAILABILITY = YES_AGGRESSIVE;
				CLANG_WARN_UNREACHABLE_CODE = YES;
				CLANG_WARN__DUPLICATE_METHOD_MATCH = YES;
				COPY_PHASE_STRIP = NO;
				DEBUG_INFORMATION_FORMAT = "dwarf-with-dsym";
				ENABLE_NS_ASSERTIONS = NO;
				ENABLE_STRICT_OBJC_MSGSEND = YES;
				GCC_C_LANGUAGE_STANDARD = gnu11;
				GCC_NO_COMMON_BLOCKS = YES;
				GCC_WARN_64_TO_32_BIT_CONVERSION = YES;
				GCC_WARN_ABOUT_RETURN_TYPE = YES_ERROR;
				GCC_WARN_UNDECLARED_SELECTOR = YES;
				GCC_WARN_UNINITIALIZED_AUTOS = YES_AGGRESSIVE;
				GCC_WARN_UNUSED_FUNCTION = YES;
				GCC_WARN_UNUSED_VARIABLE = YES;
				IPHONEOS_DEPLOYMENT_TARGET = 16.2;
				MTL_ENABLE_DEBUG_INFO = NO;
				MTL_FAST_MATH = YES;
				SDKROOT = iphoneos;
				SWIFT_COMPILATION_MODE = wholemodule;
				SWIFT_OPTIMIZATION_LEVEL = "-O";
				VALIDATE_PRODUCT = YES;
			};
			name = Release;
		};
		4D58746429E25535006BAB89 /* Debug */ = {
			isa = XCBuildConfiguration;
			baseConfigurationReference = 57E41789B04A47D39C8A1D66 /* Pods-37-7-1-HW-02-NewsWithFrameworks.debug.xcconfig */;
			buildSettings = {
				ASSETCATALOG_COMPILER_APPICON_NAME = AppIcon;
				ASSETCATALOG_COMPILER_GLOBAL_ACCENT_COLOR_NAME = AccentColor;
				CODE_SIGN_STYLE = Automatic;
				CURRENT_PROJECT_VERSION = 1;
				DEVELOPMENT_TEAM = 3JQPLE5ZEK;
				GENERATE_INFOPLIST_FILE = YES;
				INFOPLIST_FILE = "37-7-1-HW-02-NewsWithFrameworks/Info.plist";
				INFOPLIST_KEY_CFBundleDisplayName = "News Fr.";
				INFOPLIST_KEY_LSApplicationCategoryType = "public.app-category.news";
				INFOPLIST_KEY_UIApplicationSupportsIndirectInputEvents = YES;
				INFOPLIST_KEY_UILaunchStoryboardName = LaunchScreen;
				INFOPLIST_KEY_UIMainStoryboardFile = Main;
				INFOPLIST_KEY_UISupportedInterfaceOrientations_iPad = "UIInterfaceOrientationPortrait UIInterfaceOrientationPortraitUpsideDown UIInterfaceOrientationLandscapeLeft UIInterfaceOrientationLandscapeRight";
				INFOPLIST_KEY_UISupportedInterfaceOrientations_iPhone = "UIInterfaceOrientationPortrait UIInterfaceOrientationLandscapeLeft UIInterfaceOrientationLandscapeRight";
				LD_RUNPATH_SEARCH_PATHS = (
					"$(inherited)",
					"@executable_path/Frameworks",
				);
				MARKETING_VERSION = 1.1;
				PRODUCT_BUNDLE_IDENTIFIER = "-7-7-1-HW-02-NewsWithFrameworks.-7-7-1-HW-02-NewsWithFrameworks";
				PRODUCT_NAME = "$(TARGET_NAME)";
				SWIFT_EMIT_LOC_STRINGS = YES;
				SWIFT_VERSION = 5.0;
				TARGETED_DEVICE_FAMILY = "1,2";
			};
			name = Debug;
		};
		4D58746529E25535006BAB89 /* Release */ = {
			isa = XCBuildConfiguration;
			baseConfigurationReference = CDCD705A1D7A8C359A08E48C /* Pods-37-7-1-HW-02-NewsWithFrameworks.release.xcconfig */;
			buildSettings = {
				ASSETCATALOG_COMPILER_APPICON_NAME = AppIcon;
				ASSETCATALOG_COMPILER_GLOBAL_ACCENT_COLOR_NAME = AccentColor;
				CODE_SIGN_STYLE = Automatic;
				CURRENT_PROJECT_VERSION = 1;
				DEVELOPMENT_TEAM = 3JQPLE5ZEK;
				GENERATE_INFOPLIST_FILE = YES;
				INFOPLIST_FILE = "37-7-1-HW-02-NewsWithFrameworks/Info.plist";
				INFOPLIST_KEY_CFBundleDisplayName = "News Fr.";
				INFOPLIST_KEY_LSApplicationCategoryType = "public.app-category.news";
				INFOPLIST_KEY_UIApplicationSupportsIndirectInputEvents = YES;
				INFOPLIST_KEY_UILaunchStoryboardName = LaunchScreen;
				INFOPLIST_KEY_UIMainStoryboardFile = Main;
				INFOPLIST_KEY_UISupportedInterfaceOrientations_iPad = "UIInterfaceOrientationPortrait UIInterfaceOrientationPortraitUpsideDown UIInterfaceOrientationLandscapeLeft UIInterfaceOrientationLandscapeRight";
				INFOPLIST_KEY_UISupportedInterfaceOrientations_iPhone = "UIInterfaceOrientationPortrait UIInterfaceOrientationLandscapeLeft UIInterfaceOrientationLandscapeRight";
				LD_RUNPATH_SEARCH_PATHS = (
					"$(inherited)",
					"@executable_path/Frameworks",
				);
				MARKETING_VERSION = 1.1;
				PRODUCT_BUNDLE_IDENTIFIER = "-7-7-1-HW-02-NewsWithFrameworks.-7-7-1-HW-02-NewsWithFrameworks";
				PRODUCT_NAME = "$(TARGET_NAME)";
				SWIFT_EMIT_LOC_STRINGS = YES;
				SWIFT_VERSION = 5.0;
				TARGETED_DEVICE_FAMILY = "1,2";
			};
			name = Release;
		};
/* End XCBuildConfiguration section */

/* Begin XCConfigurationList section */
		4D58744A29E25534006BAB89 /* Build configuration list for PBXProject "37-7-1-HW-02-NewsWithFrameworks" */ = {
			isa = XCConfigurationList;
			buildConfigurations = (
				4D58746129E25535006BAB89 /* Debug */,
				4D58746229E25535006BAB89 /* Release */,
			);
			defaultConfigurationIsVisible = 0;
			defaultConfigurationName = Release;
		};
		4D58746329E25535006BAB89 /* Build configuration list for PBXNativeTarget "37-7-1-HW-02-NewsWithFrameworks" */ = {
			isa = XCConfigurationList;
			buildConfigurations = (
				4D58746429E25535006BAB89 /* Debug */,
				4D58746529E25535006BAB89 /* Release */,
			);
			defaultConfigurationIsVisible = 0;
			defaultConfigurationName = Release;
		};
/* End XCConfigurationList section */
	};
	rootObject = 4D58744729E25534006BAB89 /* Project object */;
}
